
Microsoft Visual Studio Solution File, Format Version 12.00
# Visual Studio Version 16
VisualStudioVersion = 16.0.29102.190
MinimumVisualStudioVersion = 10.0.40219.1
Project("{FAE04EC0-301F-11D3-BF4B-00C04F79EFBC}") = "ConsoleApp", "ConsoleApp\ConsoleApp.csproj", "{AC6C4C2E-30DD-4EED-9FD7-1E2660A37779}"
EndProject
Project("{FAE04EC0-301F-11D3-BF4B-00C04F79EFBC}") = "ClassLibrary", "ClassLibrary\ClassLibrary.csproj", "{1DF35FE3-9F6A-415E-A2F5-E7F6FAD80634}"
EndProject
Global
	GlobalSection(SolutionConfigurationPlatforms) = preSolution
		Debug|Any CPU = Debug|Any CPU
		Release|Any CPU = Release|Any CPU
	EndGlobalSection
	GlobalSection(ProjectConfigurationPlatforms) = postSolution
		{AC6C4C2E-30DD-4EED-9FD7-1E2660A37779}.Debug|Any CPU.ActiveCfg = Debug|Any CPU
		{AC6C4C2E-30DD-4EED-9FD7-1E2660A37779}.Debug|Any CPU.Build.0 = Debug|Any CPU
		{AC6C4C2E-30DD-4EED-9FD7-1E2660A37779}.Release|Any CPU.ActiveCfg = Release|Any CPU
		{AC6C4C2E-30DD-4EED-9FD7-1E2660A37779}.Release|Any CPU.Build.0 = Release|Any CPU
		{1DF35FE3-9F6A-415E-A2F5-E7F6FAD80634}.Debug|Any CPU.ActiveCfg = Debug|Any CPU
		{1DF35FE3-9F6A-415E-A2F5-E7F6FAD80634}.Debug|Any CPU.Build.0 = Debug|Any CPU
		{1DF35FE3-9F6A-415E-A2F5-E7F6FAD80634}.Release|Any CPU.ActiveCfg = Release|Any CPU
		{1DF35FE3-9F6A-415E-A2F5-E7F6FAD80634}.Release|Any CPU.Build.0 = Release|Any CPU
	EndGlobalSection
	GlobalSection(SolutionProperties) = preSolution
		HideSolutionNode = FALSE
	EndGlobalSection
	GlobalSection(ExtensibilityGlobals) = postSolution
		SolutionGuid = {201145E3-A528-4420-88B1-746DAB0DF48A}
	EndGlobalSection
EndGlobal
